PODS:
  - PinLayout (1.10.4)
  - RxCocoa (6.5.0):
    - RxRelay (= 6.5.0)
    - RxSwift (= 6.5.0)
  - RxRelay (6.5.0):
    - RxSwift (= 6.5.0)
  - RxSwift (6.5.0)

DEPENDENCIES:
  - PinLayout
  - RxCocoa
  - RxSwift

SPEC REPOS:
  trunk:
    - PinLayout
    - RxCocoa
    - RxRelay
    - RxSwift

SPEC CHECKSUMS:
  PinLayout: f8a677ce0cd1cfe96b58435d029b4ceb4ce9c04c
  RxCocoa: 94f817b71c07517321eb4f9ad299112ca8af743b
  RxRelay: 1de1523e604c72b6c68feadedd1af3b1b4d0ecbd
  RxSwift: 5710a9e6b17f3c3d6e40d6e559b9fa1e813b2ef8

PODFILE CHECKSUM: d6f47855c245c56f8fb63cd642cee9b3077fd48a

COCOAPODS: 1.12.1
